
Microsoft Visual Studio Solution File, Format Version 12.00
# Visual Studio Version 17
VisualStudioVersion = 17.11.35431.28
MinimumVisualStudioVersion = 10.0.40219.1
Project("{FAE04EC0-301F-11D3-BF4B-00C04F79EFBC}") = "Assignment-5-CSharp", "Assignment-5-CSharp\Assignment-5-CSharp.csproj", "{19136091-6EEC-4DDB-885C-A31D6B00E5F3}"
EndProject
Global
	GlobalSection(SolutionConfigurationPlatforms) = preSolution
		Debug|Any CPU = Debug|Any CPU
		Release|Any CPU = Release|Any CPU
	EndGlobalSection
	GlobalSection(ProjectConfigurationPlatforms) = postSolution
		{19136091-6EEC-4DDB-885C-A31D6B00E5F3}.Debug|Any CPU.ActiveCfg = Debug|Any CPU
		{19136091-6EEC-4DDB-885C-A31D6B00E5F3}.Debug|Any CPU.Build.0 = Debug|Any CPU
		{19136091-6EEC-4DDB-885C-A31D6B00E5F3}.Release|Any CPU.ActiveCfg = Release|Any CPU
		{19136091-6EEC-4DDB-885C-A31D6B00E5F3}.Release|Any CPU.Build.0 = Release|Any CPU
	EndGlobalSection
	GlobalSection(SolutionProperties) = preSolution
		HideSolutionNode = FALSE
	EndGlobalSection
	GlobalSection(ExtensibilityGlobals) = postSolution
		SolutionGuid = {B4C6CD7B-7C58-4FE0-B3EB-6091F2524213}
	EndGlobalSection
EndGlobal
